{
  "name": "ette-framework",
  "version": "1.0.8",
  "lockfileVersion": 2,
  "requires": true,
  "packages": {
    "": {
      "name": "ette-framework",
      "version": "1.0.8",
      "license": "ISC",
      "dependencies": {
        "ette-framework": "^1.0.8"
      }
    },
    "node_modules/ette-framework": {
      "version": "1.0.8",
      "resolved": "https://registry.npmjs.org/ette-framework/-/ette-framework-1.0.8.tgz",
      "integrity": "sha512-XFqW0/zcnxI3aJJQvkkWPAn9Io+yxyMWP3zj8wZivqR8TJcDxxToG/SvDQ7idnLbmGxIXfYw+F+P0vS7jB2vWw==",
      "dependencies": {
        "ette-framework": "^1.0.7"
      }
    }
  },
  "dependencies": {
    "ette-framework": {
      "version": "1.0.8",
      "resolved": "https://registry.npmjs.org/ette-framework/-/ette-framework-1.0.8.tgz",
      "integrity": "sha512-XFqW0/zcnxI3aJJQvkkWPAn9Io+yxyMWP3zj8wZivqR8TJcDxxToG/SvDQ7idnLbmGxIXfYw+F+P0vS7jB2vWw==",
      "requires": {
        "ette-framework": "^1.0.7"
      }
    }
  }
}
