{
  "name": "ette-framework",
  "version": "1.0.2",
  "lockfileVersion": 2,
  "requires": true,
  "packages": {
    "": {
      "name": "ette-framework",
      "version": "1.0.2",
      "license": "ISC",
      "dependencies": {
        "ette-framework": "^1.0.2"
      }
    },
    "node_modules/ette-framework": {
      "version": "1.0.2",
      "resolved": "https://registry.npmjs.org/ette-framework/-/ette-framework-1.0.2.tgz",
      "integrity": "sha512-ZybCQOfyfsbNNAS63qc1RdcmVGCNmQgBsdi25huQYT+nPGTZJVniNDpsK/y2e4XCu7PInA9BxsBSM496QFq+Zg==",
      "dependencies": {
        "ette-framework": "^1.0.1"
      }
    }
  },
  "dependencies": {
    "ette-framework": {
      "version": "1.0.2",
      "resolved": "https://registry.npmjs.org/ette-framework/-/ette-framework-1.0.2.tgz",
      "integrity": "sha512-ZybCQOfyfsbNNAS63qc1RdcmVGCNmQgBsdi25huQYT+nPGTZJVniNDpsK/y2e4XCu7PInA9BxsBSM496QFq+Zg==",
      "requires": {
        "ette-framework": "^1.0.1"
      }
    }
  }
}
